// !$*UTF8*$!
{
	archiveVersion = 1;
	classes = {
	};
	objectVersion = 51;
	objects = {

/* Begin PBXBuildFile section */
		41027E28225EF89100937EE7 /* ChallengeSessionAttempt.swift in Sources */ = {isa = PBXBuildFile; fileRef = 41027E27225EF89100937EE7 /* ChallengeSessionAttempt.swift */; };
		41027E2D2260038B00937EE7 /* RankCache.swift in Sources */ = {isa = PBXBuildFile; fileRef = 41027E2C2260038B00937EE7 /* RankCache.swift */; };
		41027E2F226009BF00937EE7 /* Ranking.swift in Sources */ = {isa = PBXBuildFile; fileRef = 41027E2E226009BF00937EE7 /* Ranking.swift */; };
		411192B2226D1F7F00C80642 /* GoogleService-Info.plist in Resources */ = {isa = PBXBuildFile; fileRef = 411192B1226D1F7F00C80642 /* GoogleService-Info.plist */; };
		414A646723D2BBB800D01383 /* ProfileViewController.swift in Sources */ = {isa = PBXBuildFile; fileRef = 414A646623D2BBB800D01383 /* ProfileViewController.swift */; };
		414A646A23D2E7F900D01383 /* JosefinSans-Light.ttf in Resources */ = {isa = PBXBuildFile; fileRef = 414A646923D2E60500D01383 /* JosefinSans-Light.ttf */; };
		4168DBE522375142006C57A8 /* PracticeScoreViewController.swift in Sources */ = {isa = PBXBuildFile; fileRef = 4168DBE422375142006C57A8 /* PracticeScoreViewController.swift */; };
		419F10972235F79F00243AB2 /* AppDelegate.swift in Sources */ = {isa = PBXBuildFile; fileRef = 419F10962235F79F00243AB2 /* AppDelegate.swift */; };
		419F10992235F7A000243AB2 /* ContinentViewController.swift in Sources */ = {isa = PBXBuildFile; fileRef = 419F10982235F7A000243AB2 /* ContinentViewController.swift */; };
		419F109C2235F7A000243AB2 /* Main.storyboard in Resources */ = {isa = PBXBuildFile; fileRef = 419F109A2235F7A000243AB2 /* Main.storyboard */; };
		419F109E2235F7A100243AB2 /* Assets.xcassets in Resources */ = {isa = PBXBuildFile; fileRef = 419F109D2235F7A100243AB2 /* Assets.xcassets */; };
		419F10A12235F7A100243AB2 /* LaunchScreen.storyboard in Resources */ = {isa = PBXBuildFile; fileRef = 419F109F2235F7A100243AB2 /* LaunchScreen.storyboard */; };
		419F10A92236209A00243AB2 /* ChooseModeViewController.swift in Sources */ = {isa = PBXBuildFile; fileRef = 419F10A82236209A00243AB2 /* ChooseModeViewController.swift */; };
		419F10AB2236246500243AB2 /* Continent.swift in Sources */ = {isa = PBXBuildFile; fileRef = 419F10AA2236246500243AB2 /* Continent.swift */; };
		419F10AD223628A800243AB2 /* PracticeViewController.swift in Sources */ = {isa = PBXBuildFile; fileRef = 419F10AC223628A800243AB2 /* PracticeViewController.swift */; };
		419F10AF22362A5700243AB2 /* MapViewDelegate.swift in Sources */ = {isa = PBXBuildFile; fileRef = 419F10AE22362A5700243AB2 /* MapViewDelegate.swift */; };
		419F10B122362A9500243AB2 /* CustomPolygon.swift in Sources */ = {isa = PBXBuildFile; fileRef = 419F10B022362A9500243AB2 /* CustomPolygon.swift */; };
		419F10B322362BE500243AB2 /* Country.swift in Sources */ = {isa = PBXBuildFile; fileRef = 419F10B222362BE500243AB2 /* Country.swift */; };
		419F10B522362F2400243AB2 /* countryData.json in Resources */ = {isa = PBXBuildFile; fileRef = 419F10B422362F2400243AB2 /* countryData.json */; };
		419F10B92236317A00243AB2 /* CountryDB.swift in Sources */ = {isa = PBXBuildFile; fileRef = 419F10B82236317A00243AB2 /* CountryDB.swift */; };
		419F10BC223656F600243AB2 /* PracticeSession.swift in Sources */ = {isa = PBXBuildFile; fileRef = 419F10BB223656F600243AB2 /* PracticeSession.swift */; };
		419F10BE22371F4700243AB2 /* World.swift in Sources */ = {isa = PBXBuildFile; fileRef = 419F10BD22371F4700243AB2 /* World.swift */; };
		419F10C02237240D00243AB2 /* PracticeSessionRegistry.swift in Sources */ = {isa = PBXBuildFile; fileRef = 419F10BF2237240D00243AB2 /* PracticeSessionRegistry.swift */; };
		419F10C322373D8D00243AB2 /* EffectsBoard.swift in Sources */ = {isa = PBXBuildFile; fileRef = 419F10C222373D8D00243AB2 /* EffectsBoard.swift */; };
		419F10C522373DE700243AB2 /* bounce.wav in Resources */ = {isa = PBXBuildFile; fileRef = 419F10C422373DE700243AB2 /* bounce.wav */; };
		419F10C722373DED00243AB2 /* plop.wav in Resources */ = {isa = PBXBuildFile; fileRef = 419F10C622373DED00243AB2 /* plop.wav */; };
		419F10C922373DF300243AB2 /* right.wav in Resources */ = {isa = PBXBuildFile; fileRef = 419F10C822373DF300243AB2 /* right.wav */; };
		419F10CB22373DF800243AB2 /* wrong.wav in Resources */ = {isa = PBXBuildFile; fileRef = 419F10CA22373DF800243AB2 /* wrong.wav */; };
		41AC8451223759A00052AA78 /* UIConstants.swift in Sources */ = {isa = PBXBuildFile; fileRef = 41AC8450223759A00052AA78 /* UIConstants.swift */; };
		41AC845222375AAB0052AA78 /* AmaticSC-Bold.ttf in Resources */ = {isa = PBXBuildFile; fileRef = 41AC844E223759380052AA78 /* AmaticSC-Bold.ttf */; };
		41AC845322375AAB0052AA78 /* AmaticSC-Regular.ttf in Resources */ = {isa = PBXBuildFile; fileRef = 41AC844F223759380052AA78 /* AmaticSC-Regular.ttf */; };
		41AC845622377DF00052AA78 /* ChallengeViewController.swift in Sources */ = {isa = PBXBuildFile; fileRef = 41AC845522377DF00052AA78 /* ChallengeViewController.swift */; };
		41AC845822377E6A0052AA78 /* ChallengeSession.swift in Sources */ = {isa = PBXBuildFile; fileRef = 41AC845722377E6A0052AA78 /* ChallengeSession.swift */; };
		41AC845A22377E850052AA78 /* ChallengeSessionRegistry.swift in Sources */ = {isa = PBXBuildFile; fileRef = 41AC845922377E850052AA78 /* ChallengeSessionRegistry.swift */; };
		41AC845C22377E9C0052AA78 /* ChallengeScoreViewController.swift in Sources */ = {isa = PBXBuildFile; fileRef = 41AC845B22377E9C0052AA78 /* ChallengeScoreViewController.swift */; };
		41AC845E223868630052AA78 /* GuessOutcome.swift in Sources */ = {isa = PBXBuildFile; fileRef = 41AC845D223868630052AA78 /* GuessOutcome.swift */; };
		41AC846222387ADA0052AA78 /* ScoreAPIClient.swift in Sources */ = {isa = PBXBuildFile; fileRef = 41AC846122387ADA0052AA78 /* ScoreAPIClient.swift */; };
		41B39371226D25DD0079D57C /* StoreReviewController.swift in Sources */ = {isa = PBXBuildFile; fileRef = 41B39370226D25DD0079D57C /* StoreReviewController.swift */; };
		41DC571B22607FA0004FB17F /* ScoreViewController.swift in Sources */ = {isa = PBXBuildFile; fileRef = 41DC571A22607FA0004FB17F /* ScoreViewController.swift */; };
		41DC571E226080A4004FB17F /* ScoreTableViewCell.swift in Sources */ = {isa = PBXBuildFile; fileRef = 41DC571C226080A4004FB17F /* ScoreTableViewCell.swift */; };
		41DC571F226080A4004FB17F /* ScoreTableViewCell.xib in Resources */ = {isa = PBXBuildFile; fileRef = 41DC571D226080A4004FB17F /* ScoreTableViewCell.xib */; };
		41FA3A1C23DA4A2800889AED /* RegistrationClient.swift in Sources */ = {isa = PBXBuildFile; fileRef = 41FA3A1B23DA4A2800889AED /* RegistrationClient.swift */; };
		41FA3A1E23DA4A8F00889AED /* HTTP.swift in Sources */ = {isa = PBXBuildFile; fileRef = 41FA3A1D23DA4A8E00889AED /* HTTP.swift */; };
		41FA3A2123DA6F1900889AED /* LeaderboardViewController.swift in Sources */ = {isa = PBXBuildFile; fileRef = 41FA3A2023DA6F1900889AED /* LeaderboardViewController.swift */; };
		41FA3A2323DA9C2D00889AED /* LeaderboardCell.swift in Sources */ = {isa = PBXBuildFile; fileRef = 41FA3A2223DA9C2D00889AED /* LeaderboardCell.swift */; };
		41FA3A2523DAA4BC00889AED /* LeaderboardAPIClient.swift in Sources */ = {isa = PBXBuildFile; fileRef = 41FA3A2423DAA4BC00889AED /* LeaderboardAPIClient.swift */; };
		41FA3A2723DAB32400889AED /* LeaderboardDataCache.swift in Sources */ = {isa = PBXBuildFile; fileRef = 41FA3A2623DAB32400889AED /* LeaderboardDataCache.swift */; };
		EAE1F841E2A2375959433B21 /* Pods_MapQuiz.framework in Frameworks */ = {isa = PBXBuildFile; fileRef = F7E4B9120C3480237437DFB9 /* Pods_MapQuiz.framework */; };
/* End PBXBuildFile section */

/* Begin PBXFileReference section */
		3437EF3E06A78C7C085917E3 /* Pods-MapQuiz.debug.xcconfig */ = {isa = PBXFileReference; includeInIndex = 1; lastKnownFileType = text.xcconfig; name = "Pods-MapQuiz.debug.xcconfig"; path = "Pods/Target Support Files/Pods-MapQuiz/Pods-MapQuiz.debug.xcconfig"; sourceTree = "<group>"; };
		41027E27225EF89100937EE7 /* ChallengeSessionAttempt.swift */ = {isa = PBXFileReference; lastKnownFileType = sourcecode.swift; path = ChallengeSessionAttempt.swift; sourceTree = "<group>"; };
		41027E2C2260038B00937EE7 /* RankCache.swift */ = {isa = PBXFileReference; lastKnownFileType = sourcecode.swift; path = RankCache.swift; sourceTree = "<group>"; };
		41027E2E226009BF00937EE7 /* Ranking.swift */ = {isa = PBXFileReference; lastKnownFileType = sourcecode.swift; path = Ranking.swift; sourceTree = "<group>"; };
		411192B1226D1F7F00C80642 /* GoogleService-Info.plist */ = {isa = PBXFileReference; fileEncoding = 4; lastKnownFileType = text.plist.xml; path = "GoogleService-Info.plist"; sourceTree = "<group>"; };
		414A646623D2BBB800D01383 /* ProfileViewController.swift */ = {isa = PBXFileReference; lastKnownFileType = sourcecode.swift; path = ProfileViewController.swift; sourceTree = "<group>"; };
		414A646923D2E60500D01383 /* JosefinSans-Light.ttf */ = {isa = PBXFileReference; lastKnownFileType = file; path = "JosefinSans-Light.ttf"; sourceTree = "<group>"; };
		4168DBE422375142006C57A8 /* PracticeScoreViewController.swift */ = {isa = PBXFileReference; lastKnownFileType = sourcecode.swift; path = PracticeScoreViewController.swift; sourceTree = "<group>"; };
		419F10932235F79F00243AB2 /* MapQuiz.app */ = {isa = PBXFileReference; explicitFileType = wrapper.application; includeInIndex = 0; path = MapQuiz.app; sourceTree = BUILT_PRODUCTS_DIR; };
		419F10962235F79F00243AB2 /* AppDelegate.swift */ = {isa = PBXFileReference; lastKnownFileType = sourcecode.swift; path = AppDelegate.swift; sourceTree = "<group>"; };
		419F10982235F7A000243AB2 /* ContinentViewController.swift */ = {isa = PBXFileReference; lastKnownFileType = sourcecode.swift; path = ContinentViewController.swift; sourceTree = "<group>"; };
		419F109B2235F7A000243AB2 /* Base */ = {isa = PBXFileReference; lastKnownFileType = file.storyboard; name = Base; path = Base.lproj/Main.storyboard; sourceTree = "<group>"; };
		419F109D2235F7A100243AB2 /* Assets.xcassets */ = {isa = PBXFileReference; lastKnownFileType = folder.assetcatalog; path = Assets.xcassets; sourceTree = "<group>"; };
		419F10A02235F7A100243AB2 /* Base */ = {isa = PBXFileReference; lastKnownFileType = file.storyboard; name = Base; path = Base.lproj/LaunchScreen.storyboard; sourceTree = "<group>"; };
		419F10A22235F7A100243AB2 /* Info.plist */ = {isa = PBXFileReference; lastKnownFileType = text.plist.xml; path = Info.plist; sourceTree = "<group>"; };
		419F10A82236209A00243AB2 /* ChooseModeViewController.swift */ = {isa = PBXFileReference; lastKnownFileType = sourcecode.swift; path = ChooseModeViewController.swift; sourceTree = "<group>"; };
		419F10AA2236246500243AB2 /* Continent.swift */ = {isa = PBXFileReference; lastKnownFileType = sourcecode.swift; path = Continent.swift; sourceTree = "<group>"; };
		419F10AC223628A800243AB2 /* PracticeViewController.swift */ = {isa = PBXFileReference; lastKnownFileType = sourcecode.swift; path = PracticeViewController.swift; sourceTree = "<group>"; };
		419F10AE22362A5700243AB2 /* MapViewDelegate.swift */ = {isa = PBXFileReference; lastKnownFileType = sourcecode.swift; path = MapViewDelegate.swift; sourceTree = "<group>"; };
		419F10B022362A9500243AB2 /* CustomPolygon.swift */ = {isa = PBXFileReference; lastKnownFileType = sourcecode.swift; path = CustomPolygon.swift; sourceTree = "<group>"; };
		419F10B222362BE500243AB2 /* Country.swift */ = {isa = PBXFileReference; lastKnownFileType = sourcecode.swift; path = Country.swift; sourceTree = "<group>"; };
		419F10B422362F2400243AB2 /* countryData.json */ = {isa = PBXFileReference; lastKnownFileType = text.json; path = countryData.json; sourceTree = "<group>"; };
		419F10B82236317A00243AB2 /* CountryDB.swift */ = {isa = PBXFileReference; lastKnownFileType = sourcecode.swift; path = CountryDB.swift; sourceTree = "<group>"; };
		419F10BB223656F600243AB2 /* PracticeSession.swift */ = {isa = PBXFileReference; lastKnownFileType = sourcecode.swift; path = PracticeSession.swift; sourceTree = "<group>"; };
		419F10BD22371F4700243AB2 /* World.swift */ = {isa = PBXFileReference; lastKnownFileType = sourcecode.swift; path = World.swift; sourceTree = "<group>"; };
		419F10BF2237240D00243AB2 /* PracticeSessionRegistry.swift */ = {isa = PBXFileReference; lastKnownFileType = sourcecode.swift; path = PracticeSessionRegistry.swift; sourceTree = "<group>"; };
		419F10C222373D8D00243AB2 /* EffectsBoard.swift */ = {isa = PBXFileReference; lastKnownFileType = sourcecode.swift; path = EffectsBoard.swift; sourceTree = "<group>"; };
		419F10C422373DE700243AB2 /* bounce.wav */ = {isa = PBXFileReference; lastKnownFileType = audio.wav; path = bounce.wav; sourceTree = "<group>"; };
		419F10C622373DED00243AB2 /* plop.wav */ = {isa = PBXFileReference; lastKnownFileType = audio.wav; path = plop.wav; sourceTree = "<group>"; };
		419F10C822373DF300243AB2 /* right.wav */ = {isa = PBXFileReference; lastKnownFileType = audio.wav; path = right.wav; sourceTree = "<group>"; };
		419F10CA22373DF800243AB2 /* wrong.wav */ = {isa = PBXFileReference; lastKnownFileType = audio.wav; path = wrong.wav; sourceTree = "<group>"; };
		41AC844E223759380052AA78 /* AmaticSC-Bold.ttf */ = {isa = PBXFileReference; lastKnownFileType = file; path = "AmaticSC-Bold.ttf"; sourceTree = "<group>"; };
		41AC844F223759380052AA78 /* AmaticSC-Regular.ttf */ = {isa = PBXFileReference; lastKnownFileType = file; path = "AmaticSC-Regular.ttf"; sourceTree = "<group>"; };
		41AC8450223759A00052AA78 /* UIConstants.swift */ = {isa = PBXFileReference; lastKnownFileType = sourcecode.swift; path = UIConstants.swift; sourceTree = "<group>"; };
		41AC845522377DF00052AA78 /* ChallengeViewController.swift */ = {isa = PBXFileReference; lastKnownFileType = sourcecode.swift; path = ChallengeViewController.swift; sourceTree = "<group>"; };
		41AC845722377E6A0052AA78 /* ChallengeSession.swift */ = {isa = PBXFileReference; lastKnownFileType = sourcecode.swift; path = ChallengeSession.swift; sourceTree = "<group>"; };
		41AC845922377E850052AA78 /* ChallengeSessionRegistry.swift */ = {isa = PBXFileReference; lastKnownFileType = sourcecode.swift; path = ChallengeSessionRegistry.swift; sourceTree = "<group>"; };
		41AC845B22377E9C0052AA78 /* ChallengeScoreViewController.swift */ = {isa = PBXFileReference; lastKnownFileType = sourcecode.swift; path = ChallengeScoreViewController.swift; sourceTree = "<group>"; };
		41AC845D223868630052AA78 /* GuessOutcome.swift */ = {isa = PBXFileReference; lastKnownFileType = sourcecode.swift; path = GuessOutcome.swift; sourceTree = "<group>"; };
		41AC846122387ADA0052AA78 /* ScoreAPIClient.swift */ = {isa = PBXFileReference; lastKnownFileType = sourcecode.swift; path = ScoreAPIClient.swift; sourceTree = "<group>"; };
		41B39370226D25DD0079D57C /* StoreReviewController.swift */ = {isa = PBXFileReference; lastKnownFileType = sourcecode.swift; path = StoreReviewController.swift; sourceTree = "<group>"; };
		41DC571A22607FA0004FB17F /* ScoreViewController.swift */ = {isa = PBXFileReference; lastKnownFileType = sourcecode.swift; path = ScoreViewController.swift; sourceTree = "<group>"; };
		41DC571C226080A4004FB17F /* ScoreTableViewCell.swift */ = {isa = PBXFileReference; lastKnownFileType = sourcecode.swift; path = ScoreTableViewCell.swift; sourceTree = "<group>"; };
		41DC571D226080A4004FB17F /* ScoreTableViewCell.xib */ = {isa = PBXFileReference; lastKnownFileType = file.xib; path = ScoreTableViewCell.xib; sourceTree = "<group>"; };
		41FA3A1B23DA4A2800889AED /* RegistrationClient.swift */ = {isa = PBXFileReference; lastKnownFileType = sourcecode.swift; path = RegistrationClient.swift; sourceTree = "<group>"; };
		41FA3A1D23DA4A8E00889AED /* HTTP.swift */ = {isa = PBXFileReference; lastKnownFileType = sourcecode.swift; path = HTTP.swift; sourceTree = "<group>"; };
		41FA3A2023DA6F1900889AED /* LeaderboardViewController.swift */ = {isa = PBXFileReference; lastKnownFileType = sourcecode.swift; path = LeaderboardViewController.swift; sourceTree = "<group>"; };
		41FA3A2223DA9C2D00889AED /* LeaderboardCell.swift */ = {isa = PBXFileReference; lastKnownFileType = sourcecode.swift; path = LeaderboardCell.swift; sourceTree = "<group>"; };
		41FA3A2423DAA4BC00889AED /* LeaderboardAPIClient.swift */ = {isa = PBXFileReference; lastKnownFileType = sourcecode.swift; path = LeaderboardAPIClient.swift; sourceTree = "<group>"; };
		41FA3A2623DAB32400889AED /* LeaderboardDataCache.swift */ = {isa = PBXFileReference; lastKnownFileType = sourcecode.swift; path = LeaderboardDataCache.swift; sourceTree = "<group>"; };
		8D6F02849D3FA941F326F4EC /* Pods-MapQuiz.release.xcconfig */ = {isa = PBXFileReference; includeInIndex = 1; lastKnownFileType = text.xcconfig; name = "Pods-MapQuiz.release.xcconfig"; path = "Pods/Target Support Files/Pods-MapQuiz/Pods-MapQuiz.release.xcconfig"; sourceTree = "<group>"; };
		F7E4B9120C3480237437DFB9 /* Pods_MapQuiz.framework */ = {isa = PBXFileReference; explicitFileType = wrapper.framework; includeInIndex = 0; path = Pods_MapQuiz.framework; sourceTree = BUILT_PRODUCTS_DIR; };
/* End PBXFileReference section */

/* Begin PBXFrameworksBuildPhase section */
		419F10902235F79F00243AB2 /* Frameworks */ = {
			isa = PBXFrameworksBuildPhase;
			buildActionMask = 2147483647;
			files = (
				EAE1F841E2A2375959433B21 /* Pods_MapQuiz.framework in Frameworks */,
			);
			runOnlyForDeploymentPostprocessing = 0;
		};
/* End PBXFrameworksBuildPhase section */

/* Begin PBXGroup section */
		41027E2B226002CA00937EE7 /* scoreView */ = {
			isa = PBXGroup;
			children = (
				41DC571C226080A4004FB17F /* ScoreTableViewCell.swift */,
				41DC571D226080A4004FB17F /* ScoreTableViewCell.xib */,
				41DC571A22607FA0004FB17F /* ScoreViewController.swift */,
				41027E2C2260038B00937EE7 /* RankCache.swift */,
			);
			path = scoreView;
			sourceTree = "<group>";
		};
		411192AD226D19E200C80642 /* games */ = {
			isa = PBXGroup;
			children = (
				419F10AE22362A5700243AB2 /* MapViewDelegate.swift */,
				41AC845422377DBF0052AA78 /* challengeGame */,
				419F10BA223656D500243AB2 /* practiceGame */,
			);
			path = games;
			sourceTree = "<group>";
		};
		411192AE226D1A0200C80642 /* views */ = {
			isa = PBXGroup;
			children = (
				41FA3A1F23DA6C5100889AED /* leaderboardView */,
				414A646523D2BB6F00D01383 /* profileView */,
				41027E2B226002CA00937EE7 /* scoreView */,
				41AC845F2238796E0052AA78 /* navigationVCs */,
				411192AD226D19E200C80642 /* games */,
			);
			path = views;
			sourceTree = "<group>";
		};
		414A646523D2BB6F00D01383 /* profileView */ = {
			isa = PBXGroup;
			children = (
				414A646623D2BBB800D01383 /* ProfileViewController.swift */,
			);
			path = profileView;
			sourceTree = "<group>";
		};
		419F108A2235F79F00243AB2 = {
			isa = PBXGroup;
			children = (
				419F10952235F79F00243AB2 /* MapQuiz */,
				419F10942235F79F00243AB2 /* Products */,
				B5D26B9C501CDE9169875C73 /* Pods */,
				8D2B958DB3C94022935640C7 /* Frameworks */,
			);
			sourceTree = "<group>";
		};
		419F10942235F79F00243AB2 /* Products */ = {
			isa = PBXGroup;
			children = (
				419F10932235F79F00243AB2 /* MapQuiz.app */,
			);
			name = Products;
			sourceTree = "<group>";
		};
		419F10952235F79F00243AB2 /* MapQuiz */ = {
			isa = PBXGroup;
			children = (
				411192AE226D1A0200C80642 /* views */,
				41AC846022387AC50052AA78 /* networking */,
				41AC844D223759290052AA78 /* UI */,
				419F10C122373D6C00243AB2 /* effectsBoard */,
				419F10B72236316500243AB2 /* countryDb */,
				419F10B62236310800243AB2 /* models */,
				419F10962235F79F00243AB2 /* AppDelegate.swift */,
				419F109A2235F7A000243AB2 /* Main.storyboard */,
				411192B1226D1F7F00C80642 /* GoogleService-Info.plist */,
				419F109D2235F7A100243AB2 /* Assets.xcassets */,
				419F109F2235F7A100243AB2 /* LaunchScreen.storyboard */,
				419F10A22235F7A100243AB2 /* Info.plist */,
				41B39370226D25DD0079D57C /* StoreReviewController.swift */,
			);
			path = MapQuiz;
			sourceTree = "<group>";
		};
		419F10B62236310800243AB2 /* models */ = {
			isa = PBXGroup;
			children = (
				419F10B022362A9500243AB2 /* CustomPolygon.swift */,
				419F10B222362BE500243AB2 /* Country.swift */,
				419F10AA2236246500243AB2 /* Continent.swift */,
				419F10BD22371F4700243AB2 /* World.swift */,
				41AC845D223868630052AA78 /* GuessOutcome.swift */,
				41027E2E226009BF00937EE7 /* Ranking.swift */,
			);
			path = models;
			sourceTree = "<group>";
		};
		419F10B72236316500243AB2 /* countryDb */ = {
			isa = PBXGroup;
			children = (
				419F10B422362F2400243AB2 /* countryData.json */,
				419F10B82236317A00243AB2 /* CountryDB.swift */,
			);
			path = countryDb;
			sourceTree = "<group>";
		};
		419F10BA223656D500243AB2 /* practiceGame */ = {
			isa = PBXGroup;
			children = (
				419F10AC223628A800243AB2 /* PracticeViewController.swift */,
				419F10BB223656F600243AB2 /* PracticeSession.swift */,
				419F10BF2237240D00243AB2 /* PracticeSessionRegistry.swift */,
				4168DBE422375142006C57A8 /* PracticeScoreViewController.swift */,
			);
			path = practiceGame;
			sourceTree = "<group>";
		};
		419F10C122373D6C00243AB2 /* effectsBoard */ = {
			isa = PBXGroup;
			children = (
				419F10C222373D8D00243AB2 /* EffectsBoard.swift */,
				419F10C422373DE700243AB2 /* bounce.wav */,
				419F10C622373DED00243AB2 /* plop.wav */,
				419F10C822373DF300243AB2 /* right.wav */,
				419F10CA22373DF800243AB2 /* wrong.wav */,
			);
			path = effectsBoard;
			sourceTree = "<group>";
		};
		41AC844D223759290052AA78 /* UI */ = {
			isa = PBXGroup;
			children = (
				414A646923D2E60500D01383 /* JosefinSans-Light.ttf */,
				41AC844E223759380052AA78 /* AmaticSC-Bold.ttf */,
				41AC844F223759380052AA78 /* AmaticSC-Regular.ttf */,
				41AC8450223759A00052AA78 /* UIConstants.swift */,
			);
			path = UI;
			sourceTree = "<group>";
		};
		41AC845422377DBF0052AA78 /* challengeGame */ = {
			isa = PBXGroup;
			children = (
				41AC845522377DF00052AA78 /* ChallengeViewController.swift */,
				41AC845722377E6A0052AA78 /* ChallengeSession.swift */,
				41AC845922377E850052AA78 /* ChallengeSessionRegistry.swift */,
				41AC845B22377E9C0052AA78 /* ChallengeScoreViewController.swift */,
				41027E27225EF89100937EE7 /* ChallengeSessionAttempt.swift */,
			);
			path = challengeGame;
			sourceTree = "<group>";
		};
		41AC845F2238796E0052AA78 /* navigationVCs */ = {
			isa = PBXGroup;
			children = (
				419F10982235F7A000243AB2 /* ContinentViewController.swift */,
				419F10A82236209A00243AB2 /* ChooseModeViewController.swift */,
			);
			path = navigationVCs;
			sourceTree = "<group>";
		};
		41AC846022387AC50052AA78 /* networking */ = {
			isa = PBXGroup;
			children = (
				41AC846122387ADA0052AA78 /* ScoreAPIClient.swift */,
				41FA3A1B23DA4A2800889AED /* RegistrationClient.swift */,
				41FA3A1D23DA4A8E00889AED /* HTTP.swift */,
				41FA3A2423DAA4BC00889AED /* LeaderboardAPIClient.swift */,
			);
			path = networking;
			sourceTree = "<group>";
		};
		41FA3A1F23DA6C5100889AED /* leaderboardView */ = {
			isa = PBXGroup;
			children = (
				41FA3A2023DA6F1900889AED /* LeaderboardViewController.swift */,
				41FA3A2223DA9C2D00889AED /* LeaderboardCell.swift */,
				41FA3A2623DAB32400889AED /* LeaderboardDataCache.swift */,
			);
			path = leaderboardView;
			sourceTree = "<group>";
		};
		8D2B958DB3C94022935640C7 /* Frameworks */ = {
			isa = PBXGroup;
			children = (
				F7E4B9120C3480237437DFB9 /* Pods_MapQuiz.framework */,
			);
			name = Frameworks;
			sourceTree = "<group>";
		};
		B5D26B9C501CDE9169875C73 /* Pods */ = {
			isa = PBXGroup;
			children = (
				3437EF3E06A78C7C085917E3 /* Pods-MapQuiz.debug.xcconfig */,
				8D6F02849D3FA941F326F4EC /* Pods-MapQuiz.release.xcconfig */,
			);
			name = Pods;
			sourceTree = "<group>";
		};
/* End PBXGroup section */

/* Begin PBXNativeTarget section */
		419F10922235F79F00243AB2 /* MapQuiz */ = {
			isa = PBXNativeTarget;
			buildConfigurationList = 419F10A52235F7A100243AB2 /* Build configuration list for PBXNativeTarget "MapQuiz" */;
			buildPhases = (
				E8C0E0F7EABA59F6955E8574 /* [CP] Check Pods Manifest.lock */,
				419F108F2235F79F00243AB2 /* Sources */,
				419F10902235F79F00243AB2 /* Frameworks */,
				419F10912235F79F00243AB2 /* Resources */,
				22966BB7DEB5AAE4BC0372D7 /* [CP] Embed Pods Frameworks */,
				41B3936F226D22B70079D57C /* ShellScript */,
			);
			buildRules = (
			);
			dependencies = (
			);
			name = MapQuiz;
			productName = MapQuiz;
			productReference = 419F10932235F79F00243AB2 /* MapQuiz.app */;
			productType = "com.apple.product-type.application";
		};
/* End PBXNativeTarget section */

/* Begin PBXProject section */
		419F108B2235F79F00243AB2 /* Project object */ = {
			isa = PBXProject;
			attributes = {
				LastSwiftUpdateCheck = 1010;
				LastUpgradeCheck = 1010;
				ORGANIZATIONNAME = "Phosphorous Labs";
				TargetAttributes = {
					419F10922235F79F00243AB2 = {
						CreatedOnToolsVersion = 10.1;
						LastSwiftMigration = 1020;
					};
				};
			};
			buildConfigurationList = 419F108E2235F79F00243AB2 /* Build configuration list for PBXProject "MapQuiz" */;
			compatibilityVersion = "Xcode 9.3";
			developmentRegion = en;
			hasScannedForEncodings = 0;
			knownRegions = (
				en,
				Base,
			);
			mainGroup = 419F108A2235F79F00243AB2;
			productRefGroup = 419F10942235F79F00243AB2 /* Products */;
			projectDirPath = "";
			projectRoot = "";
			targets = (
				419F10922235F79F00243AB2 /* MapQuiz */,
			);
		};
/* End PBXProject section */

/* Begin PBXResourcesBuildPhase section */
		419F10912235F79F00243AB2 /* Resources */ = {
			isa = PBXResourcesBuildPhase;
			buildActionMask = 2147483647;
			files = (
				414A646A23D2E7F900D01383 /* JosefinSans-Light.ttf in Resources */,
				41AC845222375AAB0052AA78 /* AmaticSC-Bold.ttf in Resources */,
				41AC845322375AAB0052AA78 /* AmaticSC-Regular.ttf in Resources */,
				419F10A12235F7A100243AB2 /* LaunchScreen.storyboard in Resources */,
				419F109E2235F7A100243AB2 /* Assets.xcassets in Resources */,
				419F10CB22373DF800243AB2 /* wrong.wav in Resources */,
				411192B2226D1F7F00C80642 /* GoogleService-Info.plist in Resources */,
				419F10B522362F2400243AB2 /* countryData.json in Resources */,
				419F10C722373DED00243AB2 /* plop.wav in Resources */,
				419F10C922373DF300243AB2 /* right.wav in Resources */,
				419F109C2235F7A000243AB2 /* Main.storyboard in Resources */,
				419F10C522373DE700243AB2 /* bounce.wav in Resources */,
				41DC571F226080A4004FB17F /* ScoreTableViewCell.xib in Resources */,
			);
			runOnlyForDeploymentPostprocessing = 0;
		};
/* End PBXResourcesBuildPhase section */

/* Begin PBXShellScriptBuildPhase section */
		22966BB7DEB5AAE4BC0372D7 /* [CP] Embed Pods Frameworks */ = {
			isa = PBXShellScriptBuildPhase;
			buildActionMask = 2147483647;
			files = (
			);
			inputFileListPaths = (
				"${PODS_ROOT}/Target Support Files/Pods-MapQuiz/Pods-MapQuiz-frameworks-${CONFIGURATION}-input-files.xcfilelist",
			);
			name = "[CP] Embed Pods Frameworks";
			outputFileListPaths = (
				"${PODS_ROOT}/Target Support Files/Pods-MapQuiz/Pods-MapQuiz-frameworks-${CONFIGURATION}-output-files.xcfilelist",
			);
			runOnlyForDeploymentPostprocessing = 0;
			shellPath = /bin/sh;
			shellScript = "\"${PODS_ROOT}/Target Support Files/Pods-MapQuiz/Pods-MapQuiz-frameworks.sh\"\n";
			showEnvVarsInLog = 0;
		};
		41B3936F226D22B70079D57C /* ShellScript */ = {
			isa = PBXShellScriptBuildPhase;
			buildActionMask = 2147483647;
			files = (
			);
			inputFileListPaths = (
			);
			inputPaths = (
				"$(BUILT_PRODUCTS_DIR)/$(INFOPLIST_PATH)",
			);
			outputFileListPaths = (
			);
			outputPaths = (
			);
			runOnlyForDeploymentPostprocessing = 0;
			shellPath = /bin/sh;
			shellScript = "# Type a script or drag a script file from your workspace to insert its path.\n\"${PODS_ROOT}/Fabric/run\"\n";
		};
		E8C0E0F7EABA59F6955E8574 /* [CP] Check Pods Manifest.lock */ = {
			isa = PBXShellScriptBuildPhase;
			buildActionMask = 2147483647;
			files = (
			);
			inputFileListPaths = (
			);
			inputPaths = (
				"${PODS_PODFILE_DIR_PATH}/Podfile.lock",
				"${PODS_ROOT}/Manifest.lock",
			);
			name = "[CP] Check Pods Manifest.lock";
			outputFileListPaths = (
			);
			outputPaths = (
				"$(DERIVED_FILE_DIR)/Pods-MapQuiz-checkManifestLockResult.txt",
			);
			runOnlyForDeploymentPostprocessing = 0;
			shellPath = /bin/sh;
			shellScript = "diff \"${PODS_PODFILE_DIR_PATH}/Podfile.lock\" \"${PODS_ROOT}/Manifest.lock\" > /dev/null\nif [ $? != 0 ] ; then\n    # print error to STDERR\n    echo \"error: The sandbox is not in sync with the Podfile.lock. Run 'pod install' or update your CocoaPods installation.\" >&2\n    exit 1\nfi\n# This output is used by Xcode 'outputs' to avoid re-running this script phase.\necho \"SUCCESS\" > \"${SCRIPT_OUTPUT_FILE_0}\"\n";
			showEnvVarsInLog = 0;
		};
/* End PBXShellScriptBuildPhase section */

/* Begin PBXSourcesBuildPhase section */
		419F108F2235F79F00243AB2 /* Sources */ = {
			isa = PBXSourcesBuildPhase;
			buildActionMask = 2147483647;
			files = (
				41AC845E223868630052AA78 /* GuessOutcome.swift in Sources */,
				4168DBE522375142006C57A8 /* PracticeScoreViewController.swift in Sources */,
				41DC571B22607FA0004FB17F /* ScoreViewController.swift in Sources */,
				419F10AF22362A5700243AB2 /* MapViewDelegate.swift in Sources */,
				41AC8451223759A00052AA78 /* UIConstants.swift in Sources */,
				41FA3A2323DA9C2D00889AED /* LeaderboardCell.swift in Sources */,
				41AC846222387ADA0052AA78 /* ScoreAPIClient.swift in Sources */,
				419F10B322362BE500243AB2 /* Country.swift in Sources */,
				41AC845C22377E9C0052AA78 /* ChallengeScoreViewController.swift in Sources */,
				419F10AB2236246500243AB2 /* Continent.swift in Sources */,
				41FA3A2123DA6F1900889AED /* LeaderboardViewController.swift in Sources */,
				419F10992235F7A000243AB2 /* ContinentViewController.swift in Sources */,
				41DC571E226080A4004FB17F /* ScoreTableViewCell.swift in Sources */,
				41027E2F226009BF00937EE7 /* Ranking.swift in Sources */,
				41AC845822377E6A0052AA78 /* ChallengeSession.swift in Sources */,
				419F10B122362A9500243AB2 /* CustomPolygon.swift in Sources */,
				419F10C02237240D00243AB2 /* PracticeSessionRegistry.swift in Sources */,
				41FA3A1E23DA4A8F00889AED /* HTTP.swift in Sources */,
				41B39371226D25DD0079D57C /* StoreReviewController.swift in Sources */,
				419F10A92236209A00243AB2 /* ChooseModeViewController.swift in Sources */,
				419F10AD223628A800243AB2 /* PracticeViewController.swift in Sources */,
				414A646723D2BBB800D01383 /* ProfileViewController.swift in Sources */,
				41FA3A2723DAB32400889AED /* LeaderboardDataCache.swift in Sources */,
				41027E28225EF89100937EE7 /* ChallengeSessionAttempt.swift in Sources */,
				41AC845A22377E850052AA78 /* ChallengeSessionRegistry.swift in Sources */,
				41AC845622377DF00052AA78 /* ChallengeViewController.swift in Sources */,
				41FA3A2523DAA4BC00889AED /* LeaderboardAPIClient.swift in Sources */,
				41FA3A1C23DA4A2800889AED /* RegistrationClient.swift in Sources */,
				41027E2D2260038B00937EE7 /* RankCache.swift in Sources */,
				419F10BE22371F4700243AB2 /* World.swift in Sources */,
				419F10BC223656F600243AB2 /* PracticeSession.swift in Sources */,
				419F10B92236317A00243AB2 /* CountryDB.swift in Sources */,
				419F10972235F79F00243AB2 /* AppDelegate.swift in Sources */,
				419F10C322373D8D00243AB2 /* EffectsBoard.swift in Sources */,
			);
			runOnlyForDeploymentPostprocessing = 0;
		};
/* End PBXSourcesBuildPhase section */

/* Begin PBXVariantGroup section */
		419F109A2235F7A000243AB2 /* Main.storyboard */ = {
			isa = PBXVariantGroup;
			children = (
				419F109B2235F7A000243AB2 /* Base */,
			);
			name = Main.storyboard;
			sourceTree = "<group>";
		};
		419F109F2235F7A100243AB2 /* LaunchScreen.storyboard */ = {
			isa = PBXVariantGroup;
			children = (
				419F10A02235F7A100243AB2 /* Base */,
			);
			name = LaunchScreen.storyboard;
			sourceTree = "<group>";
		};
/* End PBXVariantGroup section */

/* Begin XCBuildConfiguration section */
		419F10A32235F7A100243AB2 /* Debug */ = {
			isa = XCBuildConfiguration;
			buildSettings = {
				ALWAYS_SEARCH_USER_PATHS = NO;
				CLANG_ANALYZER_NONNULL = YES;
				CLANG_ANALYZER_NUMBER_OBJECT_CONVERSION = YES_AGGRESSIVE;
				CLANG_CXX_LANGUAGE_STANDARD = "gnu++14";
				CLANG_CXX_LIBRARY = "libc++";
				CLANG_ENABLE_MODULES = YES;
				CLANG_ENABLE_OBJC_ARC = YES;
				CLANG_ENABLE_OBJC_WEAK = YES;
				CLANG_WARN_BLOCK_CAPTURE_AUTORELEASING = YES;
				CLANG_WARN_BOOL_CONVERSION = YES;
				CLANG_WARN_COMMA = YES;
				CLANG_WARN_CONSTANT_CONVERSION = YES;
				CLANG_WARN_DEPRECATED_OBJC_IMPLEMENTATIONS = YES;
				CLANG_WARN_DIRECT_OBJC_ISA_USAGE = YES_ERROR;
				CLANG_WARN_DOCUMENTATION_COMMENTS = YES;
				CLANG_WARN_EMPTY_BODY = YES;
				CLANG_WARN_ENUM_CONVERSION = YES;
				CLANG_WARN_INFINITE_RECURSION = YES;
				CLANG_WARN_INT_CONVERSION = YES;
				CLANG_WARN_NON_LITERAL_NULL_CONVERSION = YES;
				CLANG_WARN_OBJC_IMPLICIT_RETAIN_SELF = YES;
				CLANG_WARN_OBJC_LITERAL_CONVERSION = YES;
				CLANG_WARN_OBJC_ROOT_CLASS = YES_ERROR;
				CLANG_WARN_RANGE_LOOP_ANALYSIS = YES;
				CLANG_WARN_STRICT_PROTOTYPES = YES;
				CLANG_WARN_SUSPICIOUS_MOVE = YES;
				CLANG_WARN_UNGUARDED_AVAILABILITY = YES_AGGRESSIVE;
				CLANG_WARN_UNREACHABLE_CODE = YES;
				CLANG_WARN__DUPLICATE_METHOD_MATCH = YES;
				CODE_SIGN_IDENTITY = "iPhone Developer";
				COPY_PHASE_STRIP = NO;
				DEBUG_INFORMATION_FORMAT = dwarf;
				ENABLE_STRICT_OBJC_MSGSEND = YES;
				ENABLE_TESTABILITY = YES;
				GCC_C_LANGUAGE_STANDARD = gnu11;
				GCC_DYNAMIC_NO_PIC = NO;
				GCC_NO_COMMON_BLOCKS = YES;
				GCC_OPTIMIZATION_LEVEL = 0;
				GCC_PREPROCESSOR_DEFINITIONS = (
					"DEBUG=1",
					"$(inherited)",
				);
				GCC_WARN_64_TO_32_BIT_CONVERSION = YES;
				GCC_WARN_ABOUT_RETURN_TYPE = YES_ERROR;
				GCC_WARN_UNDECLARED_SELECTOR = YES;
				GCC_WARN_UNINITIALIZED_AUTOS = YES_AGGRESSIVE;
				GCC_WARN_UNUSED_FUNCTION = YES;
				GCC_WARN_UNUSED_VARIABLE = YES;
				IPHONEOS_DEPLOYMENT_TARGET = 12.1;
				MTL_ENABLE_DEBUG_INFO = INCLUDE_SOURCE;
				MTL_FAST_MATH = YES;
				ONLY_ACTIVE_ARCH = YES;
				SDKROOT = iphoneos;
				SWIFT_ACTIVE_COMPILATION_CONDITIONS = DEBUG;
				SWIFT_OPTIMIZATION_LEVEL = "-Onone";
			};
			name = Debug;
		};
		419F10A42235F7A100243AB2 /* Release */ = {
			isa = XCBuildConfiguration;
			buildSettings = {
				ALWAYS_SEARCH_USER_PATHS = NO;
				CLANG_ANALYZER_NONNULL = YES;
				CLANG_ANALYZER_NUMBER_OBJECT_CONVERSION = YES_AGGRESSIVE;
				CLANG_CXX_LANGUAGE_STANDARD = "gnu++14";
				CLANG_CXX_LIBRARY = "libc++";
				CLANG_ENABLE_MODULES = YES;
				CLANG_ENABLE_OBJC_ARC = YES;
				CLANG_ENABLE_OBJC_WEAK = YES;
				CLANG_WARN_BLOCK_CAPTURE_AUTORELEASING = YES;
				CLANG_WARN_BOOL_CONVERSION = YES;
				CLANG_WARN_COMMA = YES;
				CLANG_WARN_CONSTANT_CONVERSION = YES;
				CLANG_WARN_DEPRECATED_OBJC_IMPLEMENTATIONS = YES;
				CLANG_WARN_DIRECT_OBJC_ISA_USAGE = YES_ERROR;
				CLANG_WARN_DOCUMENTATION_COMMENTS = YES;
				CLANG_WARN_EMPTY_BODY = YES;
				CLANG_WARN_ENUM_CONVERSION = YES;
				CLANG_WARN_INFINITE_RECURSION = YES;
				CLANG_WARN_INT_CONVERSION = YES;
				CLANG_WARN_NON_LITERAL_NULL_CONVERSION = YES;
				CLANG_WARN_OBJC_IMPLICIT_RETAIN_SELF = YES;
				CLANG_WARN_OBJC_LITERAL_CONVERSION = YES;
				CLANG_WARN_OBJC_ROOT_CLASS = YES_ERROR;
				CLANG_WARN_RANGE_LOOP_ANALYSIS = YES;
				CLANG_WARN_STRICT_PROTOTYPES = YES;
				CLANG_WARN_SUSPICIOUS_MOVE = YES;
				CLANG_WARN_UNGUARDED_AVAILABILITY = YES_AGGRESSIVE;
				CLANG_WARN_UNREACHABLE_CODE = YES;
				CLANG_WARN__DUPLICATE_METHOD_MATCH = YES;
				CODE_SIGN_IDENTITY = "iPhone Developer";
				COPY_PHASE_STRIP = NO;
				DEBUG_INFORMATION_FORMAT = "dwarf-with-dsym";
				ENABLE_NS_ASSERTIONS = NO;
				ENABLE_STRICT_OBJC_MSGSEND = YES;
				GCC_C_LANGUAGE_STANDARD = gnu11;
				GCC_NO_COMMON_BLOCKS = YES;
				GCC_WARN_64_TO_32_BIT_CONVERSION = YES;
				GCC_WARN_ABOUT_RETURN_TYPE = YES_ERROR;
				GCC_WARN_UNDECLARED_SELECTOR = YES;
				GCC_WARN_UNINITIALIZED_AUTOS = YES_AGGRESSIVE;
				GCC_WARN_UNUSED_FUNCTION = YES;
				GCC_WARN_UNUSED_VARIABLE = YES;
				IPHONEOS_DEPLOYMENT_TARGET = 12.1;
				MTL_ENABLE_DEBUG_INFO = NO;
				MTL_FAST_MATH = YES;
				SDKROOT = iphoneos;
				SWIFT_COMPILATION_MODE = wholemodule;
				SWIFT_OPTIMIZATION_LEVEL = "-O";
				VALIDATE_PRODUCT = YES;
			};
			name = Release;
		};
		419F10A62235F7A100243AB2 /* Debug */ = {
			isa = XCBuildConfiguration;
			baseConfigurationReference = 3437EF3E06A78C7C085917E3 /* Pods-MapQuiz.debug.xcconfig */;
			buildSettings = {
				ASSETCATALOG_COMPILER_APPICON_NAME = AppIcon;
				CODE_SIGN_STYLE = Automatic;
				DEBUG_INFORMATION_FORMAT = "dwarf-with-dsym";
				DEVELOPMENT_TEAM = 52L7L2M3VW;
				INFOPLIST_FILE = MapQuiz/Info.plist;
				IPHONEOS_DEPLOYMENT_TARGET = 13.1;
				LD_RUNPATH_SEARCH_PATHS = (
					"$(inherited)",
					"@executable_path/Frameworks",
				);
				PRODUCT_BUNDLE_IDENTIFIER = "com.anna-rogers.overlayPractice";
				PRODUCT_NAME = "$(TARGET_NAME)";
				SWIFT_VERSION = 5.0;
				TARGETED_DEVICE_FAMILY = "1,2";
			};
			name = Debug;
		};
		419F10A72235F7A100243AB2 /* Release */ = {
			isa = XCBuildConfiguration;
			baseConfigurationReference = 8D6F02849D3FA941F326F4EC /* Pods-MapQuiz.release.xcconfig */;
			buildSettings = {
				ASSETCATALOG_COMPILER_APPICON_NAME = AppIcon;
				CODE_SIGN_STYLE = Automatic;
				DEVELOPMENT_TEAM = 52L7L2M3VW;
				INFOPLIST_FILE = MapQuiz/Info.plist;
				IPHONEOS_DEPLOYMENT_TARGET = 13.1;
				LD_RUNPATH_SEARCH_PATHS = (
					"$(inherited)",
					"@executable_path/Frameworks",
				);
				PRODUCT_BUNDLE_IDENTIFIER = "com.anna-rogers.overlayPractice";
				PRODUCT_NAME = "$(TARGET_NAME)";
				SWIFT_VERSION = 5.0;
				TARGETED_DEVICE_FAMILY = "1,2";
			};
			name = Release;
		};
/* End XCBuildConfiguration section */

/* Begin XCConfigurationList section */
		419F108E2235F79F00243AB2 /* Build configuration list for PBXProject "MapQuiz" */ = {
			isa = XCConfigurationList;
			buildConfigurations = (
				419F10A32235F7A100243AB2 /* Debug */,
				419F10A42235F7A100243AB2 /* Release */,
			);
			defaultConfigurationIsVisible = 0;
			defaultConfigurationName = Release;
		};
		419F10A52235F7A100243AB2 /* Build configuration list for PBXNativeTarget "MapQuiz" */ = {
			isa = XCConfigurationList;
			buildConfigurations = (
				419F10A62235F7A100243AB2 /* Debug */,
				419F10A72235F7A100243AB2 /* Release */,
			);
			defaultConfigurationIsVisible = 0;
			defaultConfigurationName = Release;
		};
/* End XCConfigurationList section */
	};
	rootObject = 419F108B2235F79F00243AB2 /* Project object */;
}
